// !$*UTF8*$!
{
	archiveVersion = 1;
	classes = {
	};
	objectVersion = 50;
	objects = {

/* Begin PBXBuildFile section */
		FC0B78EA241D602000641B8E /* ValidationTests.swift in Sources */ = {isa = PBXBuildFile; fileRef = FC0B78E9241D602000641B8E /* ValidationTests.swift */; };
		FC0B78EC241D62C600641B8E /* NetworkTests.swift in Sources */ = {isa = PBXBuildFile; fileRef = FC0B78EB241D62C600641B8E /* NetworkTests.swift */; };
		FC21A6F4241C373800F9765E /* InterestFormUITests.swift in Sources */ = {isa = PBXBuildFile; fileRef = FC21A6F3241C373800F9765E /* InterestFormUITests.swift */; };
		FC3285F523DF7ED700E3B4B7 /* Participant.swift in Sources */ = {isa = PBXBuildFile; fileRef = FC3285F423DF7ED700E3B4B7 /* Participant.swift */; };
		FC3BE3AB23DD0F5300FFD2BA /* AppDelegate.swift in Sources */ = {isa = PBXBuildFile; fileRef = FC3BE3AA23DD0F5300FFD2BA /* AppDelegate.swift */; };
		FC3BE3AD23DD0F5300FFD2BA /* SceneDelegate.swift in Sources */ = {isa = PBXBuildFile; fileRef = FC3BE3AC23DD0F5300FFD2BA /* SceneDelegate.swift */; };
		FC3BE3AF23DD0F5300FFD2BA /* InterestFormViewController.swift in Sources */ = {isa = PBXBuildFile; fileRef = FC3BE3AE23DD0F5300FFD2BA /* InterestFormViewController.swift */; };
		FC3BE3B223DD0F5300FFD2BA /* Main.storyboard in Resources */ = {isa = PBXBuildFile; fileRef = FC3BE3B023DD0F5300FFD2BA /* Main.storyboard */; };
		FC3BE3B423DD0F5400FFD2BA /* Assets.xcassets in Resources */ = {isa = PBXBuildFile; fileRef = FC3BE3B323DD0F5400FFD2BA /* Assets.xcassets */; };
		FC3BE3B723DD0F5400FFD2BA /* LaunchScreen.storyboard in Resources */ = {isa = PBXBuildFile; fileRef = FC3BE3B523DD0F5400FFD2BA /* LaunchScreen.storyboard */; };
		FC5912AB23DF93E7006FE5C4 /* ConfirmationViewController.swift in Sources */ = {isa = PBXBuildFile; fileRef = FC5912AA23DF93E7006FE5C4 /* ConfirmationViewController.swift */; };
		FC61AE6023E0C96500E55CB2 /* AdminLoginViewController.swift in Sources */ = {isa = PBXBuildFile; fileRef = FC61AE5F23E0C96500E55CB2 /* AdminLoginViewController.swift */; };
		FC61AE6223E0D8E100E55CB2 /* ParticipantTableViewCell.swift in Sources */ = {isa = PBXBuildFile; fileRef = FC61AE6123E0D8E100E55CB2 /* ParticipantTableViewCell.swift */; };
		FC61AE6423E0D9C500E55CB2 /* ParticipantTableViewController.swift in Sources */ = {isa = PBXBuildFile; fileRef = FC61AE6323E0D9C500E55CB2 /* ParticipantTableViewController.swift */; };
		FC61AE6623E0ED8900E55CB2 /* RecordViewController.swift in Sources */ = {isa = PBXBuildFile; fileRef = FC61AE6523E0ED8900E55CB2 /* RecordViewController.swift */; };
		FC8D951D240F0DE100720FA1 /* LocationManager.swift in Sources */ = {isa = PBXBuildFile; fileRef = FC8D951C240F0DE100720FA1 /* LocationManager.swift */; };
		FC983972241C6029001F6EE0 /* MapKit.framework in Frameworks */ = {isa = PBXBuildFile; fileRef = FC983971241C6029001F6EE0 /* MapKit.framework */; };
		FC983974241C607E001F6EE0 /* MapKit.framework in Frameworks */ = {isa = PBXBuildFile; fileRef = FC983973241C607E001F6EE0 /* MapKit.framework */; };
		FC983975241C608E001F6EE0 /* MapKit.framework in Frameworks */ = {isa = PBXBuildFile; fileRef = FC983971241C6029001F6EE0 /* MapKit.framework */; };
		FC983977241C6859001F6EE0 /* ConfirmationUITests.swift in Sources */ = {isa = PBXBuildFile; fileRef = FC983976241C6859001F6EE0 /* ConfirmationUITests.swift */; };
		FC983979241C6A45001F6EE0 /* AdminLoginUITests.swift in Sources */ = {isa = PBXBuildFile; fileRef = FC983978241C6A45001F6EE0 /* AdminLoginUITests.swift */; };
		FC98397B241C6F82001F6EE0 /* ParticipantTableViewUITests.swift in Sources */ = {isa = PBXBuildFile; fileRef = FC98397A241C6F82001F6EE0 /* ParticipantTableViewUITests.swift */; };
		FC983980241C7B78001F6EE0 /* DataManager.swift in Sources */ = {isa = PBXBuildFile; fileRef = FCF751F4240ADAC70013C783 /* DataManager.swift */; };
		FC983981241C7B91001F6EE0 /* Participant.swift in Sources */ = {isa = PBXBuildFile; fileRef = FC3285F423DF7ED700E3B4B7 /* Participant.swift */; };
		FC983982241C7B96001F6EE0 /* AppDelegate.swift in Sources */ = {isa = PBXBuildFile; fileRef = FC3BE3AA23DD0F5300FFD2BA /* AppDelegate.swift */; };
		FC983984241C7FDD001F6EE0 /* RecordViewUITests.swift in Sources */ = {isa = PBXBuildFile; fileRef = FC983983241C7FDD001F6EE0 /* RecordViewUITests.swift */; };
		FCDA1D87240EB62F00142C6F /* NetworkManager.swift in Sources */ = {isa = PBXBuildFile; fileRef = FCDA1D86240EB62F00142C6F /* NetworkManager.swift */; };
		FCDA1D8B240ECAD100142C6F /* Message.swift in Sources */ = {isa = PBXBuildFile; fileRef = FCDA1D8A240ECAD100142C6F /* Message.swift */; };
		FCF751EC240ACE250013C783 /* Participants.xcdatamodeld in Sources */ = {isa = PBXBuildFile; fileRef = FCF751EA240ACE250013C783 /* Participants.xcdatamodeld */; };
		FCF751F1240AD7040013C783 /* ValidationManager.swift in Sources */ = {isa = PBXBuildFile; fileRef = FCF751F0240AD7040013C783 /* ValidationManager.swift */; };
		FCF751F3240AD7FB0013C783 /* Subject.swift in Sources */ = {isa = PBXBuildFile; fileRef = FCF751F2240AD7FB0013C783 /* Subject.swift */; };
		FCF751F5240ADAC70013C783 /* DataManager.swift in Sources */ = {isa = PBXBuildFile; fileRef = FCF751F4240ADAC70013C783 /* DataManager.swift */; };
/* End PBXBuildFile section */

/* Begin PBXContainerItemProxy section */
		FC3BE3BE23DD0F5400FFD2BA /* PBXContainerItemProxy */ = {
			isa = PBXContainerItemProxy;
			containerPortal = FC3BE39F23DD0F5300FFD2BA /* Project object */;
			proxyType = 1;
			remoteGlobalIDString = FC3BE3A623DD0F5300FFD2BA;
			remoteInfo = RegisterInterestApp;
		};
		FC3BE3C923DD0F5500FFD2BA /* PBXContainerItemProxy */ = {
			isa = PBXContainerItemProxy;
			containerPortal = FC3BE39F23DD0F5300FFD2BA /* Project object */;
			proxyType = 1;
			remoteGlobalIDString = FC3BE3A623DD0F5300FFD2BA;
			remoteInfo = RegisterInterestApp;
		};
/* End PBXContainerItemProxy section */

/* Begin PBXFileReference section */
		FC0B78E9241D602000641B8E /* ValidationTests.swift */ = {isa = PBXFileReference; lastKnownFileType = sourcecode.swift; path = ValidationTests.swift; sourceTree = "<group>"; };
		FC0B78EB241D62C600641B8E /* NetworkTests.swift */ = {isa = PBXFileReference; lastKnownFileType = sourcecode.swift; path = NetworkTests.swift; sourceTree = "<group>"; };
		FC21A6F3241C373800F9765E /* InterestFormUITests.swift */ = {isa = PBXFileReference; lastKnownFileType = sourcecode.swift; path = InterestFormUITests.swift; sourceTree = "<group>"; };
		FC3285F423DF7ED700E3B4B7 /* Participant.swift */ = {isa = PBXFileReference; lastKnownFileType = sourcecode.swift; path = Participant.swift; sourceTree = "<group>"; };
		FC3BE3A723DD0F5300FFD2BA /* RegisterInterestApp.app */ = {isa = PBXFileReference; explicitFileType = wrapper.application; includeInIndex = 0; path = RegisterInterestApp.app; sourceTree = BUILT_PRODUCTS_DIR; };
		FC3BE3AA23DD0F5300FFD2BA /* AppDelegate.swift */ = {isa = PBXFileReference; lastKnownFileType = sourcecode.swift; path = AppDelegate.swift; sourceTree = "<group>"; };
		FC3BE3AC23DD0F5300FFD2BA /* SceneDelegate.swift */ = {isa = PBXFileReference; lastKnownFileType = sourcecode.swift; path = SceneDelegate.swift; sourceTree = "<group>"; };
		FC3BE3AE23DD0F5300FFD2BA /* InterestFormViewController.swift */ = {isa = PBXFileReference; lastKnownFileType = sourcecode.swift; path = InterestFormViewController.swift; sourceTree = "<group>"; };
		FC3BE3B123DD0F5300FFD2BA /* Base */ = {isa = PBXFileReference; lastKnownFileType = file.storyboard; name = Base; path = Base.lproj/Main.storyboard; sourceTree = "<group>"; };
		FC3BE3B323DD0F5400FFD2BA /* Assets.xcassets */ = {isa = PBXFileReference; lastKnownFileType = folder.assetcatalog; path = Assets.xcassets; sourceTree = "<group>"; };
		FC3BE3B623DD0F5400FFD2BA /* Base */ = {isa = PBXFileReference; lastKnownFileType = file.storyboard; name = Base; path = Base.lproj/LaunchScreen.storyboard; sourceTree = "<group>"; };
		FC3BE3B823DD0F5400FFD2BA /* Info.plist */ = {isa = PBXFileReference; lastKnownFileType = text.plist.xml; path = Info.plist; sourceTree = "<group>"; };
		FC3BE3BD23DD0F5400FFD2BA /* RegisterInterestAppTests.xctest */ = {isa = PBXFileReference; explicitFileType = wrapper.cfbundle; includeInIndex = 0; path = RegisterInterestAppTests.xctest; sourceTree = BUILT_PRODUCTS_DIR; };
		FC3BE3C323DD0F5400FFD2BA /* Info.plist */ = {isa = PBXFileReference; lastKnownFileType = text.plist.xml; path = Info.plist; sourceTree = "<group>"; };
		FC3BE3C823DD0F5500FFD2BA /* RegisterInterestAppUITests.xctest */ = {isa = PBXFileReference; explicitFileType = wrapper.cfbundle; includeInIndex = 0; path = RegisterInterestAppUITests.xctest; sourceTree = BUILT_PRODUCTS_DIR; };
		FC3BE3CE23DD0F5500FFD2BA /* Info.plist */ = {isa = PBXFileReference; lastKnownFileType = text.plist.xml; path = Info.plist; sourceTree = "<group>"; };
		FC5912AA23DF93E7006FE5C4 /* ConfirmationViewController.swift */ = {isa = PBXFileReference; lastKnownFileType = sourcecode.swift; path = ConfirmationViewController.swift; sourceTree = "<group>"; };
		FC61AE5F23E0C96500E55CB2 /* AdminLoginViewController.swift */ = {isa = PBXFileReference; lastKnownFileType = sourcecode.swift; path = AdminLoginViewController.swift; sourceTree = "<group>"; };
		FC61AE6123E0D8E100E55CB2 /* ParticipantTableViewCell.swift */ = {isa = PBXFileReference; lastKnownFileType = sourcecode.swift; path = ParticipantTableViewCell.swift; sourceTree = "<group>"; };
		FC61AE6323E0D9C500E55CB2 /* ParticipantTableViewController.swift */ = {isa = PBXFileReference; lastKnownFileType = sourcecode.swift; path = ParticipantTableViewController.swift; sourceTree = "<group>"; };
		FC61AE6523E0ED8900E55CB2 /* RecordViewController.swift */ = {isa = PBXFileReference; lastKnownFileType = sourcecode.swift; path = RecordViewController.swift; sourceTree = "<group>"; };
		FC8D951C240F0DE100720FA1 /* LocationManager.swift */ = {isa = PBXFileReference; lastKnownFileType = sourcecode.swift; path = LocationManager.swift; sourceTree = "<group>"; };
		FC983971241C6029001F6EE0 /* MapKit.framework */ = {isa = PBXFileReference; lastKnownFileType = wrapper.framework; name = MapKit.framework; path = Platforms/MacOSX.platform/Developer/SDKs/MacOSX10.15.sdk/System/Library/Frameworks/MapKit.framework; sourceTree = DEVELOPER_DIR; };
		FC983973241C607E001F6EE0 /* MapKit.framework */ = {isa = PBXFileReference; lastKnownFileType = wrapper.framework; name = MapKit.framework; path = System/Library/Frameworks/MapKit.framework; sourceTree = SDKROOT; };
		FC983976241C6859001F6EE0 /* ConfirmationUITests.swift */ = {isa = PBXFileReference; lastKnownFileType = sourcecode.swift; path = ConfirmationUITests.swift; sourceTree = "<group>"; };
		FC983978241C6A45001F6EE0 /* AdminLoginUITests.swift */ = {isa = PBXFileReference; lastKnownFileType = sourcecode.swift; path = AdminLoginUITests.swift; sourceTree = "<group>"; };
		FC98397A241C6F82001F6EE0 /* ParticipantTableViewUITests.swift */ = {isa = PBXFileReference; lastKnownFileType = sourcecode.swift; path = ParticipantTableViewUITests.swift; sourceTree = "<group>"; };
		FC983983241C7FDD001F6EE0 /* RecordViewUITests.swift */ = {isa = PBXFileReference; lastKnownFileType = sourcecode.swift; path = RecordViewUITests.swift; sourceTree = "<group>"; };
		FCDA1D86240EB62F00142C6F /* NetworkManager.swift */ = {isa = PBXFileReference; lastKnownFileType = sourcecode.swift; path = NetworkManager.swift; sourceTree = "<group>"; };
		FCDA1D8A240ECAD100142C6F /* Message.swift */ = {isa = PBXFileReference; lastKnownFileType = sourcecode.swift; path = Message.swift; sourceTree = "<group>"; };
		FCF751EB240ACE250013C783 /* Participants.xcdatamodel */ = {isa = PBXFileReference; lastKnownFileType = wrapper.xcdatamodel; path = Participants.xcdatamodel; sourceTree = "<group>"; };
		FCF751F0240AD7040013C783 /* ValidationManager.swift */ = {isa = PBXFileReference; lastKnownFileType = sourcecode.swift; path = ValidationManager.swift; sourceTree = "<group>"; };
		FCF751F2240AD7FB0013C783 /* Subject.swift */ = {isa = PBXFileReference; lastKnownFileType = sourcecode.swift; path = Subject.swift; sourceTree = "<group>"; };
		FCF751F4240ADAC70013C783 /* DataManager.swift */ = {isa = PBXFileReference; lastKnownFileType = sourcecode.swift; path = DataManager.swift; sourceTree = "<group>"; };
/* End PBXFileReference section */

/* Begin PBXFrameworksBuildPhase section */
		FC3BE3A423DD0F5300FFD2BA /* Frameworks */ = {
			isa = PBXFrameworksBuildPhase;
			buildActionMask = 2147483647;
			files = (
				FC983974241C607E001F6EE0 /* MapKit.framework in Frameworks */,
			);
			runOnlyForDeploymentPostprocessing = 0;
		};
		FC3BE3BA23DD0F5400FFD2BA /* Frameworks */ = {
			isa = PBXFrameworksBuildPhase;
			buildActionMask = 2147483647;
			files = (
				FC983972241C6029001F6EE0 /* MapKit.framework in Frameworks */,
			);
			runOnlyForDeploymentPostprocessing = 0;
		};
		FC3BE3C523DD0F5500FFD2BA /* Frameworks */ = {
			isa = PBXFrameworksBuildPhase;
			buildActionMask = 2147483647;
			files = (
				FC983975241C608E001F6EE0 /* MapKit.framework in Frameworks */,
			);
			runOnlyForDeploymentPostprocessing = 0;
		};
/* End PBXFrameworksBuildPhase section */

/* Begin PBXGroup section */
		FC3BE39E23DD0F5300FFD2BA = {
			isa = PBXGroup;
			children = (
				FC3BE3A923DD0F5300FFD2BA /* RegisterInterestApp */,
				FC3BE3C023DD0F5400FFD2BA /* RegisterInterestAppTests */,
				FC3BE3CB23DD0F5500FFD2BA /* RegisterInterestAppUITests */,
				FC3BE3A823DD0F5300FFD2BA /* Products */,
				FC983970241C6029001F6EE0 /* Frameworks */,
			);
			sourceTree = "<group>";
		};
		FC3BE3A823DD0F5300FFD2BA /* Products */ = {
			isa = PBXGroup;
			children = (
				FC3BE3A723DD0F5300FFD2BA /* RegisterInterestApp.app */,
				FC3BE3BD23DD0F5400FFD2BA /* RegisterInterestAppTests.xctest */,
				FC3BE3C823DD0F5500FFD2BA /* RegisterInterestAppUITests.xctest */,
			);
			name = Products;
			sourceTree = "<group>";
		};
		FC3BE3A923DD0F5300FFD2BA /* RegisterInterestApp */ = {
			isa = PBXGroup;
			children = (
				FCF751EF240AD6E60013C783 /* Modules */,
				FCF751EE240AD64C0013C783 /* Data */,
				FCF751ED240AD5B20013C783 /* UI */,
				FC3BE3AA23DD0F5300FFD2BA /* AppDelegate.swift */,
				FCF751EA240ACE250013C783 /* Participants.xcdatamodeld */,
				FC3BE3AC23DD0F5300FFD2BA /* SceneDelegate.swift */,
				FC3BE3B323DD0F5400FFD2BA /* Assets.xcassets */,
				FC3BE3B823DD0F5400FFD2BA /* Info.plist */,
			);
			path = RegisterInterestApp;
			sourceTree = "<group>";
		};
		FC3BE3C023DD0F5400FFD2BA /* RegisterInterestAppTests */ = {
			isa = PBXGroup;
			children = (
				FC0B78E9241D602000641B8E /* ValidationTests.swift */,
				FC0B78EB241D62C600641B8E /* NetworkTests.swift */,
				FC3BE3C323DD0F5400FFD2BA /* Info.plist */,
			);
			path = RegisterInterestAppTests;
			sourceTree = "<group>";
		};
		FC3BE3CB23DD0F5500FFD2BA /* RegisterInterestAppUITests */ = {
			isa = PBXGroup;
			children = (
				FC21A6F3241C373800F9765E /* InterestFormUITests.swift */,
				FC983976241C6859001F6EE0 /* ConfirmationUITests.swift */,
				FC983978241C6A45001F6EE0 /* AdminLoginUITests.swift */,
				FC98397A241C6F82001F6EE0 /* ParticipantTableViewUITests.swift */,
				FC983983241C7FDD001F6EE0 /* RecordViewUITests.swift */,
				FC3BE3CE23DD0F5500FFD2BA /* Info.plist */,
			);
			path = RegisterInterestAppUITests;
			sourceTree = "<group>";
		};
		FC983970241C6029001F6EE0 /* Frameworks */ = {
			isa = PBXGroup;
			children = (
				FC983973241C607E001F6EE0 /* MapKit.framework */,
				FC983971241C6029001F6EE0 /* MapKit.framework */,
			);
			name = Frameworks;
			sourceTree = "<group>";
		};
		FCF751ED240AD5B20013C783 /* UI */ = {
			isa = PBXGroup;
			children = (
				FC3BE3AE23DD0F5300FFD2BA /* InterestFormViewController.swift */,
				FC5912AA23DF93E7006FE5C4 /* ConfirmationViewController.swift */,
				FC61AE5F23E0C96500E55CB2 /* AdminLoginViewController.swift */,
				FC61AE6323E0D9C500E55CB2 /* ParticipantTableViewController.swift */,
				FC61AE6123E0D8E100E55CB2 /* ParticipantTableViewCell.swift */,
				FC61AE6523E0ED8900E55CB2 /* RecordViewController.swift */,
				FC3BE3B023DD0F5300FFD2BA /* Main.storyboard */,
				FC3BE3B523DD0F5400FFD2BA /* LaunchScreen.storyboard */,
			);
			path = UI;
			sourceTree = "<group>";
		};
		FCF751EE240AD64C0013C783 /* Data */ = {
			isa = PBXGroup;
			children = (
				FC3285F423DF7ED700E3B4B7 /* Participant.swift */,
				FCF751F2240AD7FB0013C783 /* Subject.swift */,
				FCDA1D8A240ECAD100142C6F /* Message.swift */,
			);
			name = Data;
			sourceTree = "<group>";
		};
		FCF751EF240AD6E60013C783 /* Modules */ = {
			isa = PBXGroup;
			children = (
				FCF751F0240AD7040013C783 /* ValidationManager.swift */,
				FCF751F4240ADAC70013C783 /* DataManager.swift */,
				FCDA1D86240EB62F00142C6F /* NetworkManager.swift */,
				FC8D951C240F0DE100720FA1 /* LocationManager.swift */,
			);
			path = Modules;
			sourceTree = "<group>";
		};
/* End PBXGroup section */

/* Begin PBXNativeTarget section */
		FC3BE3A623DD0F5300FFD2BA /* RegisterInterestApp */ = {
			isa = PBXNativeTarget;
			buildConfigurationList = FC3BE3D123DD0F5500FFD2BA /* Build configuration list for PBXNativeTarget "RegisterInterestApp" */;
			buildPhases = (
				FC3BE3A323DD0F5300FFD2BA /* Sources */,
				FC3BE3A423DD0F5300FFD2BA /* Frameworks */,
				FC3BE3A523DD0F5300FFD2BA /* Resources */,
			);
			buildRules = (
			);
			dependencies = (
			);
			name = RegisterInterestApp;
			productName = RegisterInterestApp;
			productReference = FC3BE3A723DD0F5300FFD2BA /* RegisterInterestApp.app */;
			productType = "com.apple.product-type.application";
		};
		FC3BE3BC23DD0F5400FFD2BA /* RegisterInterestAppTests */ = {
			isa = PBXNativeTarget;
			buildConfigurationList = FC3BE3D423DD0F5500FFD2BA /* Build configuration list for PBXNativeTarget "RegisterInterestAppTests" */;
			buildPhases = (
				FC3BE3B923DD0F5400FFD2BA /* Sources */,
				FC3BE3BA23DD0F5400FFD2BA /* Frameworks */,
				FC3BE3BB23DD0F5400FFD2BA /* Resources */,
			);
			buildRules = (
			);
			dependencies = (
				FC3BE3BF23DD0F5400FFD2BA /* PBXTargetDependency */,
			);
			name = RegisterInterestAppTests;
			productName = RegisterInterestAppTests;
			productReference = FC3BE3BD23DD0F5400FFD2BA /* RegisterInterestAppTests.xctest */;
			productType = "com.apple.product-type.bundle.unit-test";
		};
		FC3BE3C723DD0F5500FFD2BA /* RegisterInterestAppUITests */ = {
			isa = PBXNativeTarget;
			buildConfigurationList = FC3BE3D723DD0F5500FFD2BA /* Build configuration list for PBXNativeTarget "RegisterInterestAppUITests" */;
			buildPhases = (
				FC3BE3C423DD0F5500FFD2BA /* Sources */,
				FC3BE3C523DD0F5500FFD2BA /* Frameworks */,
				FC3BE3C623DD0F5500FFD2BA /* Resources */,
			);
			buildRules = (
			);
			dependencies = (
				FC3BE3CA23DD0F5500FFD2BA /* PBXTargetDependency */,
			);
			name = RegisterInterestAppUITests;
			productName = RegisterInterestAppUITests;
			productReference = FC3BE3C823DD0F5500FFD2BA /* RegisterInterestAppUITests.xctest */;
			productType = "com.apple.product-type.bundle.ui-testing";
		};
/* End PBXNativeTarget section */

/* Begin PBXProject section */
		FC3BE39F23DD0F5300FFD2BA /* Project object */ = {
			isa = PBXProject;
			attributes = {
				LastSwiftUpdateCheck = 1120;
				LastUpgradeCheck = 1120;
				ORGANIZATIONNAME = "Jon Phipps";
				TargetAttributes = {
					FC3BE3A623DD0F5300FFD2BA = {
						CreatedOnToolsVersion = 11.2;
					};
					FC3BE3BC23DD0F5400FFD2BA = {
						CreatedOnToolsVersion = 11.2;
						TestTargetID = FC3BE3A623DD0F5300FFD2BA;
					};
					FC3BE3C723DD0F5500FFD2BA = {
						CreatedOnToolsVersion = 11.2;
						LastSwiftMigration = 1130;
						TestTargetID = FC3BE3A623DD0F5300FFD2BA;
					};
				};
			};
			buildConfigurationList = FC3BE3A223DD0F5300FFD2BA /* Build configuration list for PBXProject "RegisterInterestApp" */;
			compatibilityVersion = "Xcode 9.3";
			developmentRegion = en;
			hasScannedForEncodings = 0;
			knownRegions = (
				en,
				Base,
			);
			mainGroup = FC3BE39E23DD0F5300FFD2BA;
			productRefGroup = FC3BE3A823DD0F5300FFD2BA /* Products */;
			projectDirPath = "";
			projectRoot = "";
			targets = (
				FC3BE3A623DD0F5300FFD2BA /* RegisterInterestApp */,
				FC3BE3BC23DD0F5400FFD2BA /* RegisterInterestAppTests */,
				FC3BE3C723DD0F5500FFD2BA /* RegisterInterestAppUITests */,
			);
		};
/* End PBXProject section */

/* Begin PBXResourcesBuildPhase section */
		FC3BE3A523DD0F5300FFD2BA /* Resources */ = {
			isa = PBXResourcesBuildPhase;
			buildActionMask = 2147483647;
			files = (
				FC3BE3B723DD0F5400FFD2BA /* LaunchScreen.storyboard in Resources */,
				FC3BE3B423DD0F5400FFD2BA /* Assets.xcassets in Resources */,
				FC3BE3B223DD0F5300FFD2BA /* Main.storyboard in Resources */,
			);
			runOnlyForDeploymentPostprocessing = 0;
		};
		FC3BE3BB23DD0F5400FFD2BA /* Resources */ = {
			isa = PBXResourcesBuildPhase;
			buildActionMask = 2147483647;
			files = (
			);
			runOnlyForDeploymentPostprocessing = 0;
		};
		FC3BE3C623DD0F5500FFD2BA /* Resources */ = {
			isa = PBXResourcesBuildPhase;
			buildActionMask = 2147483647;
			files = (
			);
			runOnlyForDeploymentPostprocessing = 0;
		};
/* End PBXResourcesBuildPhase section */

/* Begin PBXSourcesBuildPhase section */
		FC3BE3A323DD0F5300FFD2BA /* Sources */ = {
			isa = PBXSourcesBuildPhase;
			buildActionMask = 2147483647;
			files = (
				FC61AE6023E0C96500E55CB2 /* AdminLoginViewController.swift in Sources */,
				FC3BE3AF23DD0F5300FFD2BA /* InterestFormViewController.swift in Sources */,
				FCF751F1240AD7040013C783 /* ValidationManager.swift in Sources */,
				FC3BE3AB23DD0F5300FFD2BA /* AppDelegate.swift in Sources */,
				FC8D951D240F0DE100720FA1 /* LocationManager.swift in Sources */,
				FCF751F3240AD7FB0013C783 /* Subject.swift in Sources */,
				FC61AE6623E0ED8900E55CB2 /* RecordViewController.swift in Sources */,
				FC3BE3AD23DD0F5300FFD2BA /* SceneDelegate.swift in Sources */,
				FCF751EC240ACE250013C783 /* Participants.xcdatamodeld in Sources */,
				FC3285F523DF7ED700E3B4B7 /* Participant.swift in Sources */,
				FC61AE6423E0D9C500E55CB2 /* ParticipantTableViewController.swift in Sources */,
				FCDA1D87240EB62F00142C6F /* NetworkManager.swift in Sources */,
				FC5912AB23DF93E7006FE5C4 /* ConfirmationViewController.swift in Sources */,
				FCDA1D8B240ECAD100142C6F /* Message.swift in Sources */,
				FCF751F5240ADAC70013C783 /* DataManager.swift in Sources */,
				FC61AE6223E0D8E100E55CB2 /* ParticipantTableViewCell.swift in Sources */,
			);
			runOnlyForDeploymentPostprocessing = 0;
		};
		FC3BE3B923DD0F5400FFD2BA /* Sources */ = {
			isa = PBXSourcesBuildPhase;
			buildActionMask = 2147483647;
			files = (
				FC0B78EC241D62C600641B8E /* NetworkTests.swift in Sources */,
				FC0B78EA241D602000641B8E /* ValidationTests.swift in Sources */,
			);
			runOnlyForDeploymentPostprocessing = 0;
		};
		FC3BE3C423DD0F5500FFD2BA /* Sources */ = {
			isa = PBXSourcesBuildPhase;
			buildActionMask = 2147483647;
			files = (
				FC983982241C7B96001F6EE0 /* AppDelegate.swift in Sources */,
				FC983981241C7B91001F6EE0 /* Participant.swift in Sources */,
				FC983980241C7B78001F6EE0 /* DataManager.swift in Sources */,
				FC983979241C6A45001F6EE0 /* AdminLoginUITests.swift in Sources */,
				FC98397B241C6F82001F6EE0 /* ParticipantTableViewUITests.swift in Sources */,
				FC983984241C7FDD001F6EE0 /* RecordViewUITests.swift in Sources */,
				FC983977241C6859001F6EE0 /* ConfirmationUITests.swift in Sources */,
				FC21A6F4241C373800F9765E /* InterestFormUITests.swift in Sources */,
			);
			runOnlyForDeploymentPostprocessing = 0;
		};
/* End PBXSourcesBuildPhase section */

/* Begin PBXTargetDependency section */
		FC3BE3BF23DD0F5400FFD2BA /* PBXTargetDependency */ = {
			isa = PBXTargetDependency;
			target = FC3BE3A623DD0F5300FFD2BA /* RegisterInterestApp */;
			targetProxy = FC3BE3BE23DD0F5400FFD2BA /* PBXContainerItemProxy */;
		};
		FC3BE3CA23DD0F5500FFD2BA /* PBXTargetDependency */ = {
			isa = PBXTargetDependency;
			target = FC3BE3A623DD0F5300FFD2BA /* RegisterInterestApp */;
			targetProxy = FC3BE3C923DD0F5500FFD2BA /* PBXContainerItemProxy */;
		};
/* End PBXTargetDependency section */

/* Begin PBXVariantGroup section */
		FC3BE3B023DD0F5300FFD2BA /* Main.storyboard */ = {
			isa = PBXVariantGroup;
			children = (
				FC3BE3B123DD0F5300FFD2BA /* Base */,
			);
			name = Main.storyboard;
			sourceTree = "<group>";
		};
		FC3BE3B523DD0F5400FFD2BA /* LaunchScreen.storyboard */ = {
			isa = PBXVariantGroup;
			children = (
				FC3BE3B623DD0F5400FFD2BA /* Base */,
			);
			name = LaunchScreen.storyboard;
			sourceTree = "<group>";
		};
/* End PBXVariantGroup section */

/* Begin XCBuildConfiguration section */
		FC3BE3CF23DD0F5500FFD2BA /* Debug */ = {
			isa = XCBuildConfiguration;
			buildSettings = {
				ALWAYS_SEARCH_USER_PATHS = NO;
				CLANG_ANALYZER_NONNULL = YES;
				CLANG_ANALYZER_NUMBER_OBJECT_CONVERSION = YES_AGGRESSIVE;
				CLANG_CXX_LANGUAGE_STANDARD = "gnu++14";
				CLANG_CXX_LIBRARY = "libc++";
				CLANG_ENABLE_MODULES = YES;
				CLANG_ENABLE_OBJC_ARC = YES;
				CLANG_ENABLE_OBJC_WEAK = YES;
				CLANG_WARN_BLOCK_CAPTURE_AUTORELEASING = YES;
				CLANG_WARN_BOOL_CONVERSION = YES;
				CLANG_WARN_COMMA = YES;
				CLANG_WARN_CONSTANT_CONVERSION = YES;
				CLANG_WARN_DEPRECATED_OBJC_IMPLEMENTATIONS = YES;
				CLANG_WARN_DIRECT_OBJC_ISA_USAGE = YES_ERROR;
				CLANG_WARN_DOCUMENTATION_COMMENTS = YES;
				CLANG_WARN_EMPTY_BODY = YES;
				CLANG_WARN_ENUM_CONVERSION = YES;
				CLANG_WARN_INFINITE_RECURSION = YES;
				CLANG_WARN_INT_CONVERSION = YES;
				CLANG_WARN_NON_LITERAL_NULL_CONVERSION = YES;
				CLANG_WARN_OBJC_IMPLICIT_RETAIN_SELF = YES;
				CLANG_WARN_OBJC_LITERAL_CONVERSION = YES;
				CLANG_WARN_OBJC_ROOT_CLASS = YES_ERROR;
				CLANG_WARN_RANGE_LOOP_ANALYSIS = YES;
				CLANG_WARN_STRICT_PROTOTYPES = YES;
				CLANG_WARN_SUSPICIOUS_MOVE = YES;
				CLANG_WARN_UNGUARDED_AVAILABILITY = YES_AGGRESSIVE;
				CLANG_WARN_UNREACHABLE_CODE = YES;
				CLANG_WARN__DUPLICATE_METHOD_MATCH = YES;
				COPY_PHASE_STRIP = NO;
				DEBUG_INFORMATION_FORMAT = dwarf;
				ENABLE_STRICT_OBJC_MSGSEND = YES;
				ENABLE_TESTABILITY = YES;
				GCC_C_LANGUAGE_STANDARD = gnu11;
				GCC_DYNAMIC_NO_PIC = NO;
				GCC_NO_COMMON_BLOCKS = YES;
				GCC_OPTIMIZATION_LEVEL = 0;
				GCC_PREPROCESSOR_DEFINITIONS = (
					"DEBUG=1",
					"$(inherited)",
				);
				GCC_WARN_64_TO_32_BIT_CONVERSION = YES;
				GCC_WARN_ABOUT_RETURN_TYPE = YES_ERROR;
				GCC_WARN_UNDECLARED_SELECTOR = YES;
				GCC_WARN_UNINITIALIZED_AUTOS = YES_AGGRESSIVE;
				GCC_WARN_UNUSED_FUNCTION = YES;
				GCC_WARN_UNUSED_VARIABLE = YES;
				IPHONEOS_DEPLOYMENT_TARGET = 13.2;
				MTL_ENABLE_DEBUG_INFO = INCLUDE_SOURCE;
				MTL_FAST_MATH = YES;
				ONLY_ACTIVE_ARCH = YES;
				SDKROOT = iphoneos;
				SWIFT_ACTIVE_COMPILATION_CONDITIONS = DEBUG;
				SWIFT_OPTIMIZATION_LEVEL = "-Onone";
			};
			name = Debug;
		};
		FC3BE3D023DD0F5500FFD2BA /* Release */ = {
			isa = XCBuildConfiguration;
			buildSettings = {
				ALWAYS_SEARCH_USER_PATHS = NO;
				CLANG_ANALYZER_NONNULL = YES;
				CLANG_ANALYZER_NUMBER_OBJECT_CONVERSION = YES_AGGRESSIVE;
				CLANG_CXX_LANGUAGE_STANDARD = "gnu++14";
				CLANG_CXX_LIBRARY = "libc++";
				CLANG_ENABLE_MODULES = YES;
				CLANG_ENABLE_OBJC_ARC = YES;
				CLANG_ENABLE_OBJC_WEAK = YES;
				CLANG_WARN_BLOCK_CAPTURE_AUTORELEASING = YES;
				CLANG_WARN_BOOL_CONVERSION = YES;
				CLANG_WARN_COMMA = YES;
				CLANG_WARN_CONSTANT_CONVERSION = YES;
				CLANG_WARN_DEPRECATED_OBJC_IMPLEMENTATIONS = YES;
				CLANG_WARN_DIRECT_OBJC_ISA_USAGE = YES_ERROR;
				CLANG_WARN_DOCUMENTATION_COMMENTS = YES;
				CLANG_WARN_EMPTY_BODY = YES;
				CLANG_WARN_ENUM_CONVERSION = YES;
				CLANG_WARN_INFINITE_RECURSION = YES;
				CLANG_WARN_INT_CONVERSION = YES;
				CLANG_WARN_NON_LITERAL_NULL_CONVERSION = YES;
				CLANG_WARN_OBJC_IMPLICIT_RETAIN_SELF = YES;
				CLANG_WARN_OBJC_LITERAL_CONVERSION = YES;
				CLANG_WARN_OBJC_ROOT_CLASS = YES_ERROR;
				CLANG_WARN_RANGE_LOOP_ANALYSIS = YES;
				CLANG_WARN_STRICT_PROTOTYPES = YES;
				CLANG_WARN_SUSPICIOUS_MOVE = YES;
				CLANG_WARN_UNGUARDED_AVAILABILITY = YES_AGGRESSIVE;
				CLANG_WARN_UNREACHABLE_CODE = YES;
				CLANG_WARN__DUPLICATE_METHOD_MATCH = YES;
				COPY_PHASE_STRIP = NO;
				DEBUG_INFORMATION_FORMAT = "dwarf-with-dsym";
				ENABLE_NS_ASSERTIONS = NO;
				ENABLE_STRICT_OBJC_MSGSEND = YES;
				GCC_C_LANGUAGE_STANDARD = gnu11;
				GCC_NO_COMMON_BLOCKS = YES;
				GCC_WARN_64_TO_32_BIT_CONVERSION = YES;
				GCC_WARN_ABOUT_RETURN_TYPE = YES_ERROR;
				GCC_WARN_UNDECLARED_SELECTOR = YES;
				GCC_WARN_UNINITIALIZED_AUTOS = YES_AGGRESSIVE;
				GCC_WARN_UNUSED_FUNCTION = YES;
				GCC_WARN_UNUSED_VARIABLE = YES;
				IPHONEOS_DEPLOYMENT_TARGET = 13.2;
				MTL_ENABLE_DEBUG_INFO = NO;
				MTL_FAST_MATH = YES;
				SDKROOT = iphoneos;
				SWIFT_COMPILATION_MODE = wholemodule;
				SWIFT_OPTIMIZATION_LEVEL = "-O";
				VALIDATE_PRODUCT = YES;
			};
			name = Release;
		};
		FC3BE3D223DD0F5500FFD2BA /* Debug */ = {
			isa = XCBuildConfiguration;
			buildSettings = {
				ASSETCATALOG_COMPILER_APPICON_NAME = AppIcon;
				CODE_SIGN_STYLE = Automatic;
				DEVELOPMENT_TEAM = QK5Q3AL5JJ;
				INFOPLIST_FILE = RegisterInterestApp/Info.plist;
				LD_RUNPATH_SEARCH_PATHS = (
					"$(inherited)",
					"@executable_path/Frameworks",
				);
				PRODUCT_BUNDLE_IDENTIFIER = com.jonphipps.RegisterInterestApp;
				PRODUCT_NAME = RegisterInterestApp;
				SWIFT_VERSION = 5.0;
				TARGETED_DEVICE_FAMILY = "1,2";
			};
			name = Debug;
		};
		FC3BE3D323DD0F5500FFD2BA /* Release */ = {
			isa = XCBuildConfiguration;
			buildSettings = {
				ASSETCATALOG_COMPILER_APPICON_NAME = AppIcon;
				CODE_SIGN_STYLE = Automatic;
				DEVELOPMENT_TEAM = QK5Q3AL5JJ;
				INFOPLIST_FILE = RegisterInterestApp/Info.plist;
				LD_RUNPATH_SEARCH_PATHS = (
					"$(inherited)",
					"@executable_path/Frameworks",
				);
				PRODUCT_BUNDLE_IDENTIFIER = com.jonphipps.RegisterInterestApp;
				PRODUCT_NAME = RegisterInterestApp;
				SWIFT_VERSION = 5.0;
				TARGETED_DEVICE_FAMILY = "1,2";
			};
			name = Release;
		};
		FC3BE3D523DD0F5500FFD2BA /* Debug */ = {
			isa = XCBuildConfiguration;
			buildSettings = {
				ALWAYS_EMBED_SWIFT_STANDARD_LIBRARIES = YES;
				BUNDLE_LOADER = "$(TEST_HOST)";
				"CODE_SIGN_IDENTITY[sdk=macosx*]" = "Apple Development";
				CODE_SIGN_STYLE = Automatic;
				DEVELOPMENT_TEAM = QK5Q3AL5JJ;
				INFOPLIST_FILE = RegisterInterestAppTests/Info.plist;
				IPHONEOS_DEPLOYMENT_TARGET = 13.2;
				LD_RUNPATH_SEARCH_PATHS = (
					"$(inherited)",
					"@executable_path/Frameworks",
					"@loader_path/Frameworks",
				);
				PRODUCT_BUNDLE_IDENTIFIER = com.jphipps.RegisterInterestAppTests;
				PRODUCT_NAME = "$(TARGET_NAME)";
				SWIFT_VERSION = 5.0;
				TARGETED_DEVICE_FAMILY = "1,2";
				TEST_HOST = "$(BUILT_PRODUCTS_DIR)/RegisterInterestApp.app/RegisterInterestApp";
			};
			name = Debug;
		};
		FC3BE3D623DD0F5500FFD2BA /* Release */ = {
			isa = XCBuildConfiguration;
			buildSettings = {
				ALWAYS_EMBED_SWIFT_STANDARD_LIBRARIES = YES;
				BUNDLE_LOADER = "$(TEST_HOST)";
				"CODE_SIGN_IDENTITY[sdk=macosx*]" = "Apple Development";
				CODE_SIGN_STYLE = Automatic;
				DEVELOPMENT_TEAM = QK5Q3AL5JJ;
				INFOPLIST_FILE = RegisterInterestAppTests/Info.plist;
				IPHONEOS_DEPLOYMENT_TARGET = 13.2;
				LD_RUNPATH_SEARCH_PATHS = (
					"$(inherited)",
					"@executable_path/Frameworks",
					"@loader_path/Frameworks",
				);
				PRODUCT_BUNDLE_IDENTIFIER = com.jphipps.RegisterInterestAppTests;
				PRODUCT_NAME = "$(TARGET_NAME)";
				SWIFT_VERSION = 5.0;
				TARGETED_DEVICE_FAMILY = "1,2";
				TEST_HOST = "$(BUILT_PRODUCTS_DIR)/RegisterInterestApp.app/RegisterInterestApp";
			};
			name = Release;
		};
		FC3BE3D823DD0F5500FFD2BA /* Debug */ = {
			isa = XCBuildConfiguration;
			buildSettings = {
				ALWAYS_EMBED_SWIFT_STANDARD_LIBRARIES = YES;
				CLANG_ENABLE_MODULES = YES;
				CODE_SIGN_STYLE = Automatic;
				INFOPLIST_FILE = RegisterInterestAppUITests/Info.plist;
				LD_RUNPATH_SEARCH_PATHS = (
					"$(inherited)",
					"@executable_path/Frameworks",
					"@loader_path/Frameworks",
				);
				PRODUCT_BUNDLE_IDENTIFIER = com.jphipps.RegisterInterestAppUITests;
				PRODUCT_NAME = "$(TARGET_NAME)";
				SWIFT_OPTIMIZATION_LEVEL = "-Onone";
				SWIFT_VERSION = 5.0;
				TARGETED_DEVICE_FAMILY = "1,2";
				TEST_TARGET_NAME = RegisterInterestApp;
			};
			name = Debug;
		};
		FC3BE3D923DD0F5500FFD2BA /* Release */ = {
			isa = XCBuildConfiguration;
			buildSettings = {
				ALWAYS_EMBED_SWIFT_STANDARD_LIBRARIES = YES;
				CLANG_ENABLE_MODULES = YES;
				CODE_SIGN_STYLE = Automatic;
				INFOPLIST_FILE = RegisterInterestAppUITests/Info.plist;
				LD_RUNPATH_SEARCH_PATHS = (
					"$(inherited)",
					"@executable_path/Frameworks",
					"@loader_path/Frameworks",
				);
				PRODUCT_BUNDLE_IDENTIFIER = com.jphipps.RegisterInterestAppUITests;
				PRODUCT_NAME = "$(TARGET_NAME)";
				SWIFT_VERSION = 5.0;
				TARGETED_DEVICE_FAMILY = "1,2";
				TEST_TARGET_NAME = RegisterInterestApp;
			};
			name = Release;
		};
/* End XCBuildConfiguration section */

/* Begin XCConfigurationList section */
		FC3BE3A223DD0F5300FFD2BA /* Build configuration list for PBXProject "RegisterInterestApp" */ = {
			isa = XCConfigurationList;
			buildConfigurations = (
				FC3BE3CF23DD0F5500FFD2BA /* Debug */,
				FC3BE3D023DD0F5500FFD2BA /* Release */,
			);
			defaultConfigurationIsVisible = 0;
			defaultConfigurationName = Release;
		};
		FC3BE3D123DD0F5500FFD2BA /* Build configuration list for PBXNativeTarget "RegisterInterestApp" */ = {
			isa = XCConfigurationList;
			buildConfigurations = (
				FC3BE3D223DD0F5500FFD2BA /* Debug */,
				FC3BE3D323DD0F5500FFD2BA /* Release */,
			);
			defaultConfigurationIsVisible = 0;
			defaultConfigurationName = Release;
		};
		FC3BE3D423DD0F5500FFD2BA /* Build configuration list for PBXNativeTarget "RegisterInterestAppTests" */ = {
			isa = XCConfigurationList;
			buildConfigurations = (
				FC3BE3D523DD0F5500FFD2BA /* Debug */,
				FC3BE3D623DD0F5500FFD2BA /* Release */,
			);
			defaultConfigurationIsVisible = 0;
			defaultConfigurationName = Release;
		};
		FC3BE3D723DD0F5500FFD2BA /* Build configuration list for PBXNativeTarget "RegisterInterestAppUITests" */ = {
			isa = XCConfigurationList;
			buildConfigurations = (
				FC3BE3D823DD0F5500FFD2BA /* Debug */,
				FC3BE3D923DD0F5500FFD2BA /* Release */,
			);
			defaultConfigurationIsVisible = 0;
			defaultConfigurationName = Release;
		};
/* End XCConfigurationList section */

/* Begin XCVersionGroup section */
		FCF751EA240ACE250013C783 /* Participants.xcdatamodeld */ = {
			isa = XCVersionGroup;
			children = (
				FCF751EB240ACE250013C783 /* Participants.xcdatamodel */,
			);
			currentVersion = FCF751EB240ACE250013C783 /* Participants.xcdatamodel */;
			path = Participants.xcdatamodeld;
			sourceTree = "<group>";
			versionGroupType = wrapper.xcdatamodel;
		};
/* End XCVersionGroup section */
	};
	rootObject = FC3BE39F23DD0F5300FFD2BA /* Project object */;
}
